Microsoft Visual Studio Solution File, Format Version 11.00
# Visual Studio 2010
Project("{8BC9CEB8-8B4A-11D0-8D11-00A0C91BC942}") = "Game_Browser", "Samples\Browser\GameBrowser.vcxproj", "{3F2C048E-96A0-4B17-A80B-0B26645C35D9}"
EndProject
Project("{8BC9CEB8-8B4A-11D0-8D11-00A0C91BC942}") = "Game_Character", "Samples\Character\Game_Character.vcxproj", "{28219AFA-C1E9-4C06-AB45-8791E231E9E7}"
EndProject
Project("{8BC9CEB8-8B4A-11D0-8D11-00A0C91BC942}") = "Game_DeferredShading", "Samples\DeferredShading\Game_DeferredShading.vcxproj", "{6F6D0C7D-CD30-4C2E-BEF9-A821EF20C486}"
EndProject
Project("{8BC9CEB8-8B4A-11D0-8D11-00A0C91BC942}") = "Game_Ocean", "Samples\OceanDemo\Game_Ocean.vcxproj", "{0D6EB362-904E-45DC-9578-CBA01C5B6FC5}"
EndProject
Project("{8BC9CEB8-8B4A-11D0-8D11-00A0C91BC942}") = "Game_ParticleFX", "Samples\ParticleFX\Game_ParticleFX.vcxproj", "{683C15AA-89FD-4B15-8C96-F9165AAB0985}"
EndProject
Project("{8BC9CEB8-8B4A-11D0-8D11-00A0C91BC942}") = "Game_Terrain", "Samples\Terrain\Game_Terrain.vcxproj", "{5A8AC9D4-D99B-4717-880D-60948F190BAE}"
EndProject
Global
	GlobalSection(SolutionConfigurationPlatforms) = preSolution
		Debug|Win32 = Debug|Win32
		Release|Win32 = Release|Win32
	EndGlobalSection
	GlobalSection(ProjectConfigurationPlatforms) = postSolution
		{3F2C048E-96A0-4B17-A80B-0B26645C35D9}.Debug|Win32.ActiveCfg = Debug|Win32
		{3F2C048E-96A0-4B17-A80B-0B26645C35D9}.Debug|Win32.Build.0 = Debug|Win32
		{3F2C048E-96A0-4B17-A80B-0B26645C35D9}.Release|Win32.ActiveCfg = Release|Win32
		{3F2C048E-96A0-4B17-A80B-0B26645C35D9}.Release|Win32.Build.0 = Release|Win32
		{28219AFA-C1E9-4C06-AB45-8791E231E9E7}.Debug|Win32.ActiveCfg = Debug|Win32
		{28219AFA-C1E9-4C06-AB45-8791E231E9E7}.Debug|Win32.Build.0 = Debug|Win32
		{28219AFA-C1E9-4C06-AB45-8791E231E9E7}.Release|Win32.ActiveCfg = Release|Win32
		{28219AFA-C1E9-4C06-AB45-8791E231E9E7}.Release|Win32.Build.0 = Release|Win32
		{6F6D0C7D-CD30-4C2E-BEF9-A821EF20C486}.Debug|Win32.ActiveCfg = Debug|Win32
		{6F6D0C7D-CD30-4C2E-BEF9-A821EF20C486}.Debug|Win32.Build.0 = Debug|Win32
		{6F6D0C7D-CD30-4C2E-BEF9-A821EF20C486}.Release|Win32.ActiveCfg = Release|Win32
		{6F6D0C7D-CD30-4C2E-BEF9-A821EF20C486}.Release|Win32.Build.0 = Release|Win32
		{0D6EB362-904E-45DC-9578-CBA01C5B6FC5}.Debug|Win32.ActiveCfg = Debug|Win32
		{0D6EB362-904E-45DC-9578-CBA01C5B6FC5}.Debug|Win32.Build.0 = Debug|Win32
		{0D6EB362-904E-45DC-9578-CBA01C5B6FC5}.Release|Win32.ActiveCfg = Release|Win32
		{0D6EB362-904E-45DC-9578-CBA01C5B6FC5}.Release|Win32.Build.0 = Release|Win32
		{683C15AA-89FD-4B15-8C96-F9165AAB0985}.Debug|Win32.ActiveCfg = Debug|Win32
		{683C15AA-89FD-4B15-8C96-F9165AAB0985}.Debug|Win32.Build.0 = Debug|Win32
		{683C15AA-89FD-4B15-8C96-F9165AAB0985}.Release|Win32.ActiveCfg = Release|Win32
		{683C15AA-89FD-4B15-8C96-F9165AAB0985}.Release|Win32.Build.0 = Release|Win32
		{5A8AC9D4-D99B-4717-880D-60948F190BAE}.Debug|Win32.ActiveCfg = Debug|Win32
		{5A8AC9D4-D99B-4717-880D-60948F190BAE}.Debug|Win32.Build.0 = Debug|Win32
		{5A8AC9D4-D99B-4717-880D-60948F190BAE}.Release|Win32.ActiveCfg = Release|Win32
		{5A8AC9D4-D99B-4717-880D-60948F190BAE}.Release|Win32.Build.0 = Release|Win32
	EndGlobalSection
	GlobalSection(SolutionProperties) = preSolution
		HideSolutionNode = FALSE
	EndGlobalSection
EndGlobal
