Microsoft Visual Studio Solution File, Format Version 11.00
# Visual Studio 2010
Project("{8BC9CEB8-8B4A-11D0-8D11-00A0C91BC942}") = "Game_Browser", "src\Browser\GameBrowser.vcxproj", "{3F2C048E-96A0-4B17-A80B-0B26645C35D9}"
EndProject
Project("{8BC9CEB8-8B4A-11D0-8D11-00A0C91BC942}") = "Game_Level1", "src\Level1\Game_Level1.vcxproj", "{5A8AC9D4-D99B-4717-880D-60948F190BAE}"
EndProject
Project("{8BC9CEB8-8B4A-11D0-8D11-00A0C91BC942}") = "Game_Level2", "src\Level2\Game_Level2.vcxproj", "{B446E211-BD55-44E7-AAE6-2A27895B3E17}"
EndProject
Project("{8BC9CEB8-8B4A-11D0-8D11-00A0C91BC942}") = "Game_Level3", "src\Level3\Game_Level3.vcxproj", "{EE4893C0-33BA-41B8-86C4-040DF26828D5}"
EndProject
Project("{8BC9CEB8-8B4A-11D0-8D11-00A0C91BC942}") = "Game_Level5", "src\Level5\Game_Level5.vcxproj", "{BA866F53-95B9-4D0F-906E-42D9507D8B81}"
EndProject
Project("{8BC9CEB8-8B4A-11D0-8D11-00A0C91BC942}") = "Game_Level4", "src\Level4\Game_Level4.vcxproj", "{FB0A5AFC-91BB-4E74-8BE6-0FDB6BAC5ACE}"
EndProject
Global
	GlobalSection(SolutionConfigurationPlatforms) = preSolution
		Debug|Win32 = Debug|Win32
		Release|Win32 = Release|Win32
	EndGlobalSection
	GlobalSection(ProjectConfigurationPlatforms) = postSolution
		{3F2C048E-96A0-4B17-A80B-0B26645C35D9}.Debug|Win32.ActiveCfg = Debug|Win32
		{3F2C048E-96A0-4B17-A80B-0B26645C35D9}.Debug|Win32.Build.0 = Debug|Win32
		{3F2C048E-96A0-4B17-A80B-0B26645C35D9}.Release|Win32.ActiveCfg = Release|Win32
		{3F2C048E-96A0-4B17-A80B-0B26645C35D9}.Release|Win32.Build.0 = Release|Win32
		{5A8AC9D4-D99B-4717-880D-60948F190BAE}.Debug|Win32.ActiveCfg = Debug|Win32
		{5A8AC9D4-D99B-4717-880D-60948F190BAE}.Debug|Win32.Build.0 = Debug|Win32
		{5A8AC9D4-D99B-4717-880D-60948F190BAE}.Release|Win32.ActiveCfg = Release|Win32
		{5A8AC9D4-D99B-4717-880D-60948F190BAE}.Release|Win32.Build.0 = Release|Win32
		{B446E211-BD55-44E7-AAE6-2A27895B3E17}.Debug|Win32.ActiveCfg = Debug|Win32
		{B446E211-BD55-44E7-AAE6-2A27895B3E17}.Debug|Win32.Build.0 = Debug|Win32
		{B446E211-BD55-44E7-AAE6-2A27895B3E17}.Release|Win32.ActiveCfg = Release|Win32
		{B446E211-BD55-44E7-AAE6-2A27895B3E17}.Release|Win32.Build.0 = Release|Win32
		{EE4893C0-33BA-41B8-86C4-040DF26828D5}.Debug|Win32.ActiveCfg = Debug|Win32
		{EE4893C0-33BA-41B8-86C4-040DF26828D5}.Debug|Win32.Build.0 = Debug|Win32
		{EE4893C0-33BA-41B8-86C4-040DF26828D5}.Release|Win32.ActiveCfg = Release|Win32
		{EE4893C0-33BA-41B8-86C4-040DF26828D5}.Release|Win32.Build.0 = Release|Win32
		{BA866F53-95B9-4D0F-906E-42D9507D8B81}.Debug|Win32.ActiveCfg = Debug|Win32
		{BA866F53-95B9-4D0F-906E-42D9507D8B81}.Debug|Win32.Build.0 = Debug|Win32
		{BA866F53-95B9-4D0F-906E-42D9507D8B81}.Release|Win32.ActiveCfg = Release|Win32
		{BA866F53-95B9-4D0F-906E-42D9507D8B81}.Release|Win32.Build.0 = Release|Win32
		{FB0A5AFC-91BB-4E74-8BE6-0FDB6BAC5ACE}.Debug|Win32.ActiveCfg = Debug|Win32
		{FB0A5AFC-91BB-4E74-8BE6-0FDB6BAC5ACE}.Debug|Win32.Build.0 = Debug|Win32
		{FB0A5AFC-91BB-4E74-8BE6-0FDB6BAC5ACE}.Release|Win32.ActiveCfg = Release|Win32
		{FB0A5AFC-91BB-4E74-8BE6-0FDB6BAC5ACE}.Release|Win32.Build.0 = Release|Win32
	EndGlobalSection
	GlobalSection(SolutionProperties) = preSolution
		HideSolutionNode = FALSE
	EndGlobalSection
EndGlobal
